
Microsoft Visual Studio Solution File, Format Version 12.00
# Visual Studio Version 17
VisualStudioVersion = 17.4.33110.190
MinimumVisualStudioVersion = 10.0.40219.1
Project("{FAE04EC0-301F-11D3-BF4B-00C04F79EFBC}") = "CoreAppWithDocker", "CoreAppWithDocker\CoreAppWithDocker.csproj", "{66C406D3-4375-47C9-A787-968E290D246B}"
EndProject
Project("{E53339B2-1760-4266-BCC7-CA923CBCF16C}") = "docker-compose", "docker-compose.dcproj", "{DF1758F9-1A16-4AC1-AE6C-19C80D5B277B}"
EndProject
Global
	GlobalSection(SolutionConfigurationPlatforms) = preSolution
		Debug|Any CPU = Debug|Any CPU
		Release|Any CPU = Release|Any CPU
	EndGlobalSection
	GlobalSection(ProjectConfigurationPlatforms) = postSolution
		{66C406D3-4375-47C9-A787-968E290D246B}.Debug|Any CPU.ActiveCfg = Debug|Any CPU
		{66C406D3-4375-47C9-A787-968E290D246B}.Debug|Any CPU.Build.0 = Debug|Any CPU
		{66C406D3-4375-47C9-A787-968E290D246B}.Release|Any CPU.ActiveCfg = Release|Any CPU
		{66C406D3-4375-47C9-A787-968E290D246B}.Release|Any CPU.Build.0 = Release|Any CPU
		{DF1758F9-1A16-4AC1-AE6C-19C80D5B277B}.Debug|Any CPU.ActiveCfg = Debug|Any CPU
		{DF1758F9-1A16-4AC1-AE6C-19C80D5B277B}.Debug|Any CPU.Build.0 = Debug|Any CPU
		{DF1758F9-1A16-4AC1-AE6C-19C80D5B277B}.Release|Any CPU.ActiveCfg = Release|Any CPU
		{DF1758F9-1A16-4AC1-AE6C-19C80D5B277B}.Release|Any CPU.Build.0 = Release|Any CPU
	EndGlobalSection
	GlobalSection(SolutionProperties) = preSolution
		HideSolutionNode = FALSE
	EndGlobalSection
	GlobalSection(ExtensibilityGlobals) = postSolution
		SolutionGuid = {E45C8594-9811-46AD-8C41-D49A918D64A8}
	EndGlobalSection
EndGlobal
